
Microsoft Visual Studio Solution File, Format Version 12.00
# Visual Studio 15
VisualStudioVersion = 15.0.26430.6
MinimumVisualStudioVersion = 10.0.40219.1
Project("{FAE04EC0-301F-11D3-BF4B-00C04F79EFBC}") = "CodeStacks.Data", "CodeStacks.Data\CodeStacks.Data.csproj", "{463854B2-9EBA-4229-B701-3F08F559080E}"
EndProject
Project("{FAE04EC0-301F-11D3-BF4B-00C04F79EFBC}") = "CodeStacks.Gmap.Wpf", "CodeStacks.Gmap.Wpf\CodeStacks.Gmap.Wpf.csproj", "{77C29B1E-14AA-4D42-A44C-ED2F1ED74DAF}"
EndProject
Project("{FAE04EC0-301F-11D3-BF4B-00C04F79EFBC}") = "CodeStacks.Log", "CodeStacks.Log\CodeStacks.Log.csproj", "{DB29F652-1094-47A8-ABE0-F11E38B9628E}"
EndProject
Project("{FAE04EC0-301F-11D3-BF4B-00C04F79EFBC}") = "CodeStacks.MainFrom", "CodeStacks.MainFrom\CodeStacks.MainFrom.csproj", "{76FB3A48-2982-437F-88BF-0DE2B7B756AE}"
EndProject
Project("{FAE04EC0-301F-11D3-BF4B-00C04F79EFBC}") = "ClodeStacks.Plugin.MenuFirst", "ClodeStacks.Plugin.MenuFirst\ClodeStacks.Plugin.MenuFirst.csproj", "{C2CD7536-2390-44D3-8E14-621F2465C2D5}"
EndProject
Project("{FAE04EC0-301F-11D3-BF4B-00C04F79EFBC}") = "CodeStacks.Mef.Wpf", "CodeStacks.Mef.Wpf\CodeStacks.Mef.Wpf.csproj", "{138142C8-1A7C-4025-B29A-B5DFC9E670DB}"
EndProject
Project("{FAE04EC0-301F-11D3-BF4B-00C04F79EFBC}") = "CodeStacks.Plugin.MenuSecond", "CodeStacks.Plugin.MenuSecond\CodeStacks.Plugin.MenuSecond.csproj", "{787C0514-E3DB-47FD-A230-580CE1ABBD31}"
EndProject
Project("{FAE04EC0-301F-11D3-BF4B-00C04F79EFBC}") = "CodeStacks.PopWindow", "CodeStacks.PopWindow\CodeStacks.PopWindow.csproj", "{91A0B815-475A-4608-BBE4-796970CEB93C}"
EndProject
Project("{FAE04EC0-301F-11D3-BF4B-00C04F79EFBC}") = "CodeStacks.UIElements", "CodeStacks.UIElements\CodeStacks.UIElements.csproj", "{D3BC4AF0-D33C-4FD3-A50B-C555DF6C014F}"
EndProject
Project("{FAE04EC0-301F-11D3-BF4B-00C04F79EFBC}") = "CodeStacks.UserControl", "CodeStacks.UserControl\CodeStacks.UserControl.csproj", "{337E0541-1066-4327-AB64-2F47907F5E60}"
EndProject
Project("{FAE04EC0-301F-11D3-BF4B-00C04F79EFBC}") = "CodeStacks.Wpf", "CodeStacks.Wpf\CodeStacks.Wpf.csproj", "{8C084147-89D8-40B4-B324-EDD49F29FB4D}"
EndProject
Project("{FAE04EC0-301F-11D3-BF4B-00C04F79EFBC}") = "GMap.NET.Core", "GMap.NET.Core\GMap.NET.Core.csproj", "{D0C39D9D-BED0-418B-9A5E-713176CAF40C}"
EndProject
Project("{FAE04EC0-301F-11D3-BF4B-00C04F79EFBC}") = "GMap.NET.WindowsPresentation", "GMap.NET.WindowsPresentation\GMap.NET.WindowsPresentation.csproj", "{644FE7D4-0184-400F-B2D7-99CB41360658}"
EndProject
Project("{FAE04EC0-301F-11D3-BF4B-00C04F79EFBC}") = "CodeStacks.Book", "CodeStacks.Book\CodeStacks.Book.csproj", "{FAB53A3C-346C-437F-8BCA-33542BB782EE}"
EndProject
Project("{FAE04EC0-301F-11D3-BF4B-00C04F79EFBC}") = "CodeStacks.Plugin.MenuFirst", "CodeStacks.Plugin.MenuFirst\CodeStacks.Plugin.MenuFirst.csproj", "{C7E36229-95F1-4ECA-8504-617C7018DFF2}"
EndProject
Project("{D954291E-2A0B-460D-934E-DC6B0785DB48}") = "CodeStacks.GMap.Demo", "XIAOWEN.GMAP.DEMO\CodeStacks.GMap.Demo.shproj", "{E2895138-57DE-449A-B375-6CCFB1D7D78B}"
EndProject
Project("{FAE04EC0-301F-11D3-BF4B-00C04F79EFBC}") = "CodeStacks.Test", "CodeStacks.Test\CodeStacks.Test.csproj", "{487B9F3E-59C5-4697-A097-E57A2FB40990}"
EndProject
Project("{2150E333-8FDC-42A3-9474-1A3956D46DE8}") = "CodeStacks.Mef", "CodeStacks.Mef", "{5B7D20D6-65E2-471F-A151-FF20150F620D}"
EndProject
Project("{2150E333-8FDC-42A3-9474-1A3956D46DE8}") = "CodeStacks.Mef.WinForm", "CodeStacks.Mef.WinForm", "{7AE64CAB-BE9C-4C4D-81A7-8538DDBCF4CA}"
EndProject
Project("{2150E333-8FDC-42A3-9474-1A3956D46DE8}") = "Test", "Test", "{43CEACFA-2367-4883-B941-EFE7442DF242}"
EndProject
Project("{2150E333-8FDC-42A3-9474-1A3956D46DE8}") = "CodeStacks.Plugins", "CodeStacks.Plugins", "{A6E9E320-01D8-4856-9166-E64E63BB44D6}"
EndProject
Project("{2150E333-8FDC-42A3-9474-1A3956D46DE8}") = "CodeStacks.Plugins", "CodeStacks.Plugins", "{91541863-F5BE-4EF0-875C-FC0ECBCFAD31}"
EndProject
Global
	GlobalSection(SharedMSBuildProjectFiles) = preSolution
		XIAOWEN.GMAP.DEMO\XIAOWEN.GMAP.DEMO.projitems*{138142c8-1a7c-4025-b29a-b5dfc9e670db}*SharedItemsImports = 4
		XIAOWEN.GMAP.DEMO\XIAOWEN.GMAP.DEMO.projitems*{77c29b1e-14aa-4d42-a44c-ed2f1ed74daf}*SharedItemsImports = 4
		XIAOWEN.GMAP.DEMO\XIAOWEN.GMAP.DEMO.projitems*{e2895138-57de-449a-b375-6ccfb1d7d78b}*SharedItemsImports = 13
	EndGlobalSection
	GlobalSection(SolutionConfigurationPlatforms) = preSolution
		Debug|Any CPU = Debug|Any CPU
		Debug|x64 = Debug|x64
		Release|Any CPU = Release|Any CPU
		Release|x64 = Release|x64
	EndGlobalSection
	GlobalSection(ProjectConfigurationPlatforms) = postSolution
		{463854B2-9EBA-4229-B701-3F08F559080E}.Debug|Any CPU.ActiveCfg = Debug|Any CPU
		{463854B2-9EBA-4229-B701-3F08F559080E}.Debug|Any CPU.Build.0 = Debug|Any CPU
		{463854B2-9EBA-4229-B701-3F08F559080E}.Debug|x64.ActiveCfg = Debug|x64
		{463854B2-9EBA-4229-B701-3F08F559080E}.Debug|x64.Build.0 = Debug|x64
		{463854B2-9EBA-4229-B701-3F08F559080E}.Release|Any CPU.ActiveCfg = Release|Any CPU
		{463854B2-9EBA-4229-B701-3F08F559080E}.Release|Any CPU.Build.0 = Release|Any CPU
		{463854B2-9EBA-4229-B701-3F08F559080E}.Release|x64.ActiveCfg = Release|x64
		{463854B2-9EBA-4229-B701-3F08F559080E}.Release|x64.Build.0 = Release|x64
		{77C29B1E-14AA-4D42-A44C-ED2F1ED74DAF}.Debug|Any CPU.ActiveCfg = Debug|Any CPU
		{77C29B1E-14AA-4D42-A44C-ED2F1ED74DAF}.Debug|Any CPU.Build.0 = Debug|Any CPU
		{77C29B1E-14AA-4D42-A44C-ED2F1ED74DAF}.Debug|x64.ActiveCfg = Debug|x64
		{77C29B1E-14AA-4D42-A44C-ED2F1ED74DAF}.Debug|x64.Build.0 = Debug|x64
		{77C29B1E-14AA-4D42-A44C-ED2F1ED74DAF}.Release|Any CPU.ActiveCfg = Release|Any CPU
		{77C29B1E-14AA-4D42-A44C-ED2F1ED74DAF}.Release|Any CPU.Build.0 = Release|Any CPU
		{77C29B1E-14AA-4D42-A44C-ED2F1ED74DAF}.Release|x64.ActiveCfg = Release|x64
		{77C29B1E-14AA-4D42-A44C-ED2F1ED74DAF}.Release|x64.Build.0 = Release|x64
		{DB29F652-1094-47A8-ABE0-F11E38B9628E}.Debug|Any CPU.ActiveCfg = Debug|Any CPU
		{DB29F652-1094-47A8-ABE0-F11E38B9628E}.Debug|Any CPU.Build.0 = Debug|Any CPU
		{DB29F652-1094-47A8-ABE0-F11E38B9628E}.Debug|x64.ActiveCfg = Debug|x64
		{DB29F652-1094-47A8-ABE0-F11E38B9628E}.Debug|x64.Build.0 = Debug|x64
		{DB29F652-1094-47A8-ABE0-F11E38B9628E}.Release|Any CPU.ActiveCfg = Release|Any CPU
		{DB29F652-1094-47A8-ABE0-F11E38B9628E}.Release|Any CPU.Build.0 = Release|Any CPU
		{DB29F652-1094-47A8-ABE0-F11E38B9628E}.Release|x64.ActiveCfg = Release|x64
		{DB29F652-1094-47A8-ABE0-F11E38B9628E}.Release|x64.Build.0 = Release|x64
		{76FB3A48-2982-437F-88BF-0DE2B7B756AE}.Debug|Any CPU.ActiveCfg = Debug|Any CPU
		{76FB3A48-2982-437F-88BF-0DE2B7B756AE}.Debug|Any CPU.Build.0 = Debug|Any CPU
		{76FB3A48-2982-437F-88BF-0DE2B7B756AE}.Debug|x64.ActiveCfg = Debug|x64
		{76FB3A48-2982-437F-88BF-0DE2B7B756AE}.Debug|x64.Build.0 = Debug|x64
		{76FB3A48-2982-437F-88BF-0DE2B7B756AE}.Release|Any CPU.ActiveCfg = Release|Any CPU
		{76FB3A48-2982-437F-88BF-0DE2B7B756AE}.Release|Any CPU.Build.0 = Release|Any CPU
		{76FB3A48-2982-437F-88BF-0DE2B7B756AE}.Release|x64.ActiveCfg = Release|x64
		{76FB3A48-2982-437F-88BF-0DE2B7B756AE}.Release|x64.Build.0 = Release|x64
		{C2CD7536-2390-44D3-8E14-621F2465C2D5}.Debug|Any CPU.ActiveCfg = Debug|Any CPU
		{C2CD7536-2390-44D3-8E14-621F2465C2D5}.Debug|Any CPU.Build.0 = Debug|Any CPU
		{C2CD7536-2390-44D3-8E14-621F2465C2D5}.Debug|x64.ActiveCfg = Debug|x64
		{C2CD7536-2390-44D3-8E14-621F2465C2D5}.Debug|x64.Build.0 = Debug|x64
		{C2CD7536-2390-44D3-8E14-621F2465C2D5}.Release|Any CPU.ActiveCfg = Release|Any CPU
		{C2CD7536-2390-44D3-8E14-621F2465C2D5}.Release|Any CPU.Build.0 = Release|Any CPU
		{C2CD7536-2390-44D3-8E14-621F2465C2D5}.Release|x64.ActiveCfg = Release|x64
		{C2CD7536-2390-44D3-8E14-621F2465C2D5}.Release|x64.Build.0 = Release|x64
		{138142C8-1A7C-4025-B29A-B5DFC9E670DB}.Debug|Any CPU.ActiveCfg = Debug|Any CPU
		{138142C8-1A7C-4025-B29A-B5DFC9E670DB}.Debug|Any CPU.Build.0 = Debug|Any CPU
		{138142C8-1A7C-4025-B29A-B5DFC9E670DB}.Debug|x64.ActiveCfg = Debug|x64
		{138142C8-1A7C-4025-B29A-B5DFC9E670DB}.Debug|x64.Build.0 = Debug|x64
		{138142C8-1A7C-4025-B29A-B5DFC9E670DB}.Release|Any CPU.ActiveCfg = Release|Any CPU
		{138142C8-1A7C-4025-B29A-B5DFC9E670DB}.Release|Any CPU.Build.0 = Release|Any CPU
		{138142C8-1A7C-4025-B29A-B5DFC9E670DB}.Release|x64.ActiveCfg = Release|x64
		{138142C8-1A7C-4025-B29A-B5DFC9E670DB}.Release|x64.Build.0 = Release|x64
		{787C0514-E3DB-47FD-A230-580CE1ABBD31}.Debug|Any CPU.ActiveCfg = Debug|Any CPU
		{787C0514-E3DB-47FD-A230-580CE1ABBD31}.Debug|Any CPU.Build.0 = Debug|Any CPU
		{787C0514-E3DB-47FD-A230-580CE1ABBD31}.Debug|x64.ActiveCfg = Debug|x64
		{787C0514-E3DB-47FD-A230-580CE1ABBD31}.Debug|x64.Build.0 = Debug|x64
		{787C0514-E3DB-47FD-A230-580CE1ABBD31}.Release|Any CPU.ActiveCfg = Release|Any CPU
		{787C0514-E3DB-47FD-A230-580CE1ABBD31}.Release|Any CPU.Build.0 = Release|Any CPU
		{787C0514-E3DB-47FD-A230-580CE1ABBD31}.Release|x64.ActiveCfg = Release|x64
		{787C0514-E3DB-47FD-A230-580CE1ABBD31}.Release|x64.Build.0 = Release|x64
		{91A0B815-475A-4608-BBE4-796970CEB93C}.Debug|Any CPU.ActiveCfg = Debug|Any CPU
		{91A0B815-475A-4608-BBE4-796970CEB93C}.Debug|Any CPU.Build.0 = Debug|Any CPU
		{91A0B815-475A-4608-BBE4-796970CEB93C}.Debug|x64.ActiveCfg = Debug|x64
		{91A0B815-475A-4608-BBE4-796970CEB93C}.Debug|x64.Build.0 = Debug|x64
		{91A0B815-475A-4608-BBE4-796970CEB93C}.Release|Any CPU.ActiveCfg = Release|Any CPU
		{91A0B815-475A-4608-BBE4-796970CEB93C}.Release|Any CPU.Build.0 = Release|Any CPU
		{91A0B815-475A-4608-BBE4-796970CEB93C}.Release|x64.ActiveCfg = Release|x64
		{91A0B815-475A-4608-BBE4-796970CEB93C}.Release|x64.Build.0 = Release|x64
		{D3BC4AF0-D33C-4FD3-A50B-C555DF6C014F}.Debug|Any CPU.ActiveCfg = Debug|Any CPU
		{D3BC4AF0-D33C-4FD3-A50B-C555DF6C014F}.Debug|Any CPU.Build.0 = Debug|Any CPU
		{D3BC4AF0-D33C-4FD3-A50B-C555DF6C014F}.Debug|x64.ActiveCfg = Debug|x64
		{D3BC4AF0-D33C-4FD3-A50B-C555DF6C014F}.Debug|x64.Build.0 = Debug|x64
		{D3BC4AF0-D33C-4FD3-A50B-C555DF6C014F}.Release|Any CPU.ActiveCfg = Release|Any CPU
		{D3BC4AF0-D33C-4FD3-A50B-C555DF6C014F}.Release|Any CPU.Build.0 = Release|Any CPU
		{D3BC4AF0-D33C-4FD3-A50B-C555DF6C014F}.Release|x64.ActiveCfg = Release|x64
		{D3BC4AF0-D33C-4FD3-A50B-C555DF6C014F}.Release|x64.Build.0 = Release|x64
		{337E0541-1066-4327-AB64-2F47907F5E60}.Debug|Any CPU.ActiveCfg = Debug|Any CPU
		{337E0541-1066-4327-AB64-2F47907F5E60}.Debug|Any CPU.Build.0 = Debug|Any CPU
		{337E0541-1066-4327-AB64-2F47907F5E60}.Debug|x64.ActiveCfg = Debug|x64
		{337E0541-1066-4327-AB64-2F47907F5E60}.Debug|x64.Build.0 = Debug|x64
		{337E0541-1066-4327-AB64-2F47907F5E60}.Release|Any CPU.ActiveCfg = Release|Any CPU
		{337E0541-1066-4327-AB64-2F47907F5E60}.Release|Any CPU.Build.0 = Release|Any CPU
		{337E0541-1066-4327-AB64-2F47907F5E60}.Release|x64.ActiveCfg = Release|x64
		{337E0541-1066-4327-AB64-2F47907F5E60}.Release|x64.Build.0 = Release|x64
		{8C084147-89D8-40B4-B324-EDD49F29FB4D}.Debug|Any CPU.ActiveCfg = Debug|Any CPU
		{8C084147-89D8-40B4-B324-EDD49F29FB4D}.Debug|Any CPU.Build.0 = Debug|Any CPU
		{8C084147-89D8-40B4-B324-EDD49F29FB4D}.Debug|x64.ActiveCfg = Debug|x64
		{8C084147-89D8-40B4-B324-EDD49F29FB4D}.Debug|x64.Build.0 = Debug|x64
		{8C084147-89D8-40B4-B324-EDD49F29FB4D}.Release|Any CPU.ActiveCfg = Release|Any CPU
		{8C084147-89D8-40B4-B324-EDD49F29FB4D}.Release|Any CPU.Build.0 = Release|Any CPU
		{8C084147-89D8-40B4-B324-EDD49F29FB4D}.Release|x64.ActiveCfg = Release|x64
		{8C084147-89D8-40B4-B324-EDD49F29FB4D}.Release|x64.Build.0 = Release|x64
		{D0C39D9D-BED0-418B-9A5E-713176CAF40C}.Debug|Any CPU.ActiveCfg = Debug|Any CPU
		{D0C39D9D-BED0-418B-9A5E-713176CAF40C}.Debug|Any CPU.Build.0 = Debug|Any CPU
		{D0C39D9D-BED0-418B-9A5E-713176CAF40C}.Debug|x64.ActiveCfg = Debug|x64
		{D0C39D9D-BED0-418B-9A5E-713176CAF40C}.Debug|x64.Build.0 = Debug|x64
		{D0C39D9D-BED0-418B-9A5E-713176CAF40C}.Release|Any CPU.ActiveCfg = Release|Any CPU
		{D0C39D9D-BED0-418B-9A5E-713176CAF40C}.Release|Any CPU.Build.0 = Release|Any CPU
		{D0C39D9D-BED0-418B-9A5E-713176CAF40C}.Release|x64.ActiveCfg = Release|x64
		{D0C39D9D-BED0-418B-9A5E-713176CAF40C}.Release|x64.Build.0 = Release|x64
		{644FE7D4-0184-400F-B2D7-99CB41360658}.Debug|Any CPU.ActiveCfg = Debug|Any CPU
		{644FE7D4-0184-400F-B2D7-99CB41360658}.Debug|Any CPU.Build.0 = Debug|Any CPU
		{644FE7D4-0184-400F-B2D7-99CB41360658}.Debug|x64.ActiveCfg = Debug|x64
		{644FE7D4-0184-400F-B2D7-99CB41360658}.Debug|x64.Build.0 = Debug|x64
		{644FE7D4-0184-400F-B2D7-99CB41360658}.Release|Any CPU.ActiveCfg = Release|Any CPU
		{644FE7D4-0184-400F-B2D7-99CB41360658}.Release|Any CPU.Build.0 = Release|Any CPU
		{644FE7D4-0184-400F-B2D7-99CB41360658}.Release|x64.ActiveCfg = Release|x64
		{644FE7D4-0184-400F-B2D7-99CB41360658}.Release|x64.Build.0 = Release|x64
		{FAB53A3C-346C-437F-8BCA-33542BB782EE}.Debug|Any CPU.ActiveCfg = Debug|Any CPU
		{FAB53A3C-346C-437F-8BCA-33542BB782EE}.Debug|Any CPU.Build.0 = Debug|Any CPU
		{FAB53A3C-346C-437F-8BCA-33542BB782EE}.Debug|x64.ActiveCfg = Debug|Any CPU
		{FAB53A3C-346C-437F-8BCA-33542BB782EE}.Debug|x64.Build.0 = Debug|Any CPU
		{FAB53A3C-346C-437F-8BCA-33542BB782EE}.Release|Any CPU.ActiveCfg = Release|Any CPU
		{FAB53A3C-346C-437F-8BCA-33542BB782EE}.Release|Any CPU.Build.0 = Release|Any CPU
		{FAB53A3C-346C-437F-8BCA-33542BB782EE}.Release|x64.ActiveCfg = Release|Any CPU
		{FAB53A3C-346C-437F-8BCA-33542BB782EE}.Release|x64.Build.0 = Release|Any CPU
		{C7E36229-95F1-4ECA-8504-617C7018DFF2}.Debug|Any CPU.ActiveCfg = Debug|Any CPU
		{C7E36229-95F1-4ECA-8504-617C7018DFF2}.Debug|Any CPU.Build.0 = Debug|Any CPU
		{C7E36229-95F1-4ECA-8504-617C7018DFF2}.Debug|x64.ActiveCfg = Debug|x64
		{C7E36229-95F1-4ECA-8504-617C7018DFF2}.Debug|x64.Build.0 = Debug|x64
		{C7E36229-95F1-4ECA-8504-617C7018DFF2}.Release|Any CPU.ActiveCfg = Release|Any CPU
		{C7E36229-95F1-4ECA-8504-617C7018DFF2}.Release|Any CPU.Build.0 = Release|Any CPU
		{C7E36229-95F1-4ECA-8504-617C7018DFF2}.Release|x64.ActiveCfg = Release|x64
		{C7E36229-95F1-4ECA-8504-617C7018DFF2}.Release|x64.Build.0 = Release|x64
		{487B9F3E-59C5-4697-A097-E57A2FB40990}.Debug|Any CPU.ActiveCfg = Debug|Any CPU
		{487B9F3E-59C5-4697-A097-E57A2FB40990}.Debug|Any CPU.Build.0 = Debug|Any CPU
		{487B9F3E-59C5-4697-A097-E57A2FB40990}.Debug|x64.ActiveCfg = Debug|x64
		{487B9F3E-59C5-4697-A097-E57A2FB40990}.Debug|x64.Build.0 = Debug|x64
		{487B9F3E-59C5-4697-A097-E57A2FB40990}.Release|Any CPU.ActiveCfg = Release|Any CPU
		{487B9F3E-59C5-4697-A097-E57A2FB40990}.Release|Any CPU.Build.0 = Release|Any CPU
		{487B9F3E-59C5-4697-A097-E57A2FB40990}.Release|x64.ActiveCfg = Release|x64
		{487B9F3E-59C5-4697-A097-E57A2FB40990}.Release|x64.Build.0 = Release|x64
	EndGlobalSection
	GlobalSection(SolutionProperties) = preSolution
		HideSolutionNode = FALSE
	EndGlobalSection
	GlobalSection(NestedProjects) = preSolution
		{76FB3A48-2982-437F-88BF-0DE2B7B756AE} = {7AE64CAB-BE9C-4C4D-81A7-8538DDBCF4CA}
		{C2CD7536-2390-44D3-8E14-621F2465C2D5} = {91541863-F5BE-4EF0-875C-FC0ECBCFAD31}
		{138142C8-1A7C-4025-B29A-B5DFC9E670DB} = {5B7D20D6-65E2-471F-A151-FF20150F620D}
		{787C0514-E3DB-47FD-A230-580CE1ABBD31} = {A6E9E320-01D8-4856-9166-E64E63BB44D6}
		{C7E36229-95F1-4ECA-8504-617C7018DFF2} = {A6E9E320-01D8-4856-9166-E64E63BB44D6}
		{487B9F3E-59C5-4697-A097-E57A2FB40990} = {43CEACFA-2367-4883-B941-EFE7442DF242}
		{A6E9E320-01D8-4856-9166-E64E63BB44D6} = {5B7D20D6-65E2-471F-A151-FF20150F620D}
		{91541863-F5BE-4EF0-875C-FC0ECBCFAD31} = {7AE64CAB-BE9C-4C4D-81A7-8538DDBCF4CA}
	EndGlobalSection
EndGlobal
