
Microsoft Visual Studio Solution File, Format Version 12.00
# Visual Studio 14
VisualStudioVersion = 14.0.25420.1
MinimumVisualStudioVersion = 10.0.40219.1
Project("{FAE04EC0-301F-11D3-BF4B-00C04F79EFBC}") = "CodeStacks.Wpf", "CodeStacks.Wpf\CodeStacks.Wpf.csproj", "{8C084147-89D8-40B4-B324-EDD49F29FB4D}"
EndProject
Project("{FAE04EC0-301F-11D3-BF4B-00C04F79EFBC}") = "CodeStacks.UIElements", "CodeStacks.UIElements\CodeStacks.UIElements.csproj", "{D3BC4AF0-D33C-4FD3-A50B-C555DF6C014F}"
EndProject
Project("{FAE04EC0-301F-11D3-BF4B-00C04F79EFBC}") = "CodeStacks.PopWindow", "CodeStacks.PopWindow\CodeStacks.PopWindow.csproj", "{91A0B815-475A-4608-BBE4-796970CEB93C}"
EndProject
Project("{2150E333-8FDC-42A3-9474-1A3956D46DE8}") = "Test", "Test", "{879BA96A-B173-4759-B362-24E69BC5E244}"
EndProject
Project("{FAE04EC0-301F-11D3-BF4B-00C04F79EFBC}") = "CodeStacks.Test", "CodeStacks.Test\CodeStacks.Test.csproj", "{487B9F3E-59C5-4697-A097-E57A2FB40990}"
EndProject
Project("{FAE04EC0-301F-11D3-BF4B-00C04F79EFBC}") = "CodeStacks.Data", "CodeStacks.Data\CodeStacks.Data.csproj", "{463854B2-9EBA-4229-B701-3F08F559080E}"
EndProject
Project("{FAE04EC0-301F-11D3-BF4B-00C04F79EFBC}") = "CodeStacks.Log", "CodeStacks.Log\CodeStacks.Log.csproj", "{DB29F652-1094-47A8-ABE0-F11E38B9628E}"
EndProject
Project("{FAE04EC0-301F-11D3-BF4B-00C04F79EFBC}") = "CodeStacks.UserControl", "CodeStacks.UserControl\CodeStacks.UserControl.csproj", "{337E0541-1066-4327-AB64-2F47907F5E60}"
EndProject
Global
	GlobalSection(SolutionConfigurationPlatforms) = preSolution
		Debug|Any CPU = Debug|Any CPU
		Release|Any CPU = Release|Any CPU
	EndGlobalSection
	GlobalSection(ProjectConfigurationPlatforms) = postSolution
		{8C084147-89D8-40B4-B324-EDD49F29FB4D}.Debug|Any CPU.ActiveCfg = Debug|Any CPU
		{8C084147-89D8-40B4-B324-EDD49F29FB4D}.Debug|Any CPU.Build.0 = Debug|Any CPU
		{8C084147-89D8-40B4-B324-EDD49F29FB4D}.Release|Any CPU.ActiveCfg = Release|Any CPU
		{8C084147-89D8-40B4-B324-EDD49F29FB4D}.Release|Any CPU.Build.0 = Release|Any CPU
		{D3BC4AF0-D33C-4FD3-A50B-C555DF6C014F}.Debug|Any CPU.ActiveCfg = Debug|Any CPU
		{D3BC4AF0-D33C-4FD3-A50B-C555DF6C014F}.Debug|Any CPU.Build.0 = Debug|Any CPU
		{D3BC4AF0-D33C-4FD3-A50B-C555DF6C014F}.Release|Any CPU.ActiveCfg = Release|Any CPU
		{D3BC4AF0-D33C-4FD3-A50B-C555DF6C014F}.Release|Any CPU.Build.0 = Release|Any CPU
		{91A0B815-475A-4608-BBE4-796970CEB93C}.Debug|Any CPU.ActiveCfg = Debug|Any CPU
		{91A0B815-475A-4608-BBE4-796970CEB93C}.Debug|Any CPU.Build.0 = Debug|Any CPU
		{91A0B815-475A-4608-BBE4-796970CEB93C}.Release|Any CPU.ActiveCfg = Release|Any CPU
		{91A0B815-475A-4608-BBE4-796970CEB93C}.Release|Any CPU.Build.0 = Release|Any CPU
		{487B9F3E-59C5-4697-A097-E57A2FB40990}.Debug|Any CPU.ActiveCfg = Debug|Any CPU
		{487B9F3E-59C5-4697-A097-E57A2FB40990}.Debug|Any CPU.Build.0 = Debug|Any CPU
		{487B9F3E-59C5-4697-A097-E57A2FB40990}.Release|Any CPU.ActiveCfg = Release|Any CPU
		{487B9F3E-59C5-4697-A097-E57A2FB40990}.Release|Any CPU.Build.0 = Release|Any CPU
		{463854B2-9EBA-4229-B701-3F08F559080E}.Debug|Any CPU.ActiveCfg = Debug|Any CPU
		{463854B2-9EBA-4229-B701-3F08F559080E}.Debug|Any CPU.Build.0 = Debug|Any CPU
		{463854B2-9EBA-4229-B701-3F08F559080E}.Release|Any CPU.ActiveCfg = Release|Any CPU
		{463854B2-9EBA-4229-B701-3F08F559080E}.Release|Any CPU.Build.0 = Release|Any CPU
		{DB29F652-1094-47A8-ABE0-F11E38B9628E}.Debug|Any CPU.ActiveCfg = Debug|Any CPU
		{DB29F652-1094-47A8-ABE0-F11E38B9628E}.Debug|Any CPU.Build.0 = Debug|Any CPU
		{DB29F652-1094-47A8-ABE0-F11E38B9628E}.Release|Any CPU.ActiveCfg = Release|Any CPU
		{DB29F652-1094-47A8-ABE0-F11E38B9628E}.Release|Any CPU.Build.0 = Release|Any CPU
		{337E0541-1066-4327-AB64-2F47907F5E60}.Debug|Any CPU.ActiveCfg = Debug|Any CPU
		{337E0541-1066-4327-AB64-2F47907F5E60}.Debug|Any CPU.Build.0 = Debug|Any CPU
		{337E0541-1066-4327-AB64-2F47907F5E60}.Release|Any CPU.ActiveCfg = Release|Any CPU
		{337E0541-1066-4327-AB64-2F47907F5E60}.Release|Any CPU.Build.0 = Release|Any CPU
	EndGlobalSection
	GlobalSection(SolutionProperties) = preSolution
		HideSolutionNode = FALSE
	EndGlobalSection
	GlobalSection(NestedProjects) = preSolution
		{487B9F3E-59C5-4697-A097-E57A2FB40990} = {879BA96A-B173-4759-B362-24E69BC5E244}
	EndGlobalSection
EndGlobal
