
Microsoft Visual Studio Solution File, Format Version 12.00
# Visual Studio 14
VisualStudioVersion = 14.0.25420.1
MinimumVisualStudioVersion = 10.0.40219.1
Project("{FAE04EC0-301F-11D3-BF4B-00C04F79EFBC}") = "CodeStacks.Wpf", "CodeStacks.Wpf\CodeStacks.Wpf.csproj", "{8C084147-89D8-40B4-B324-EDD49F29FB4D}"
EndProject
Project("{FAE04EC0-301F-11D3-BF4B-00C04F79EFBC}") = "CodeStacks.UIElements", "CodeStacks.UIElements\CodeStacks.UIElements.csproj", "{D3BC4AF0-D33C-4FD3-A50B-C555DF6C014F}"
EndProject
Project("{FAE04EC0-301F-11D3-BF4B-00C04F79EFBC}") = "CodeStacks.PopWindow", "CodeStacks.PopWindow\CodeStacks.PopWindow.csproj", "{91A0B815-475A-4608-BBE4-796970CEB93C}"
EndProject
Project("{2150E333-8FDC-42A3-9474-1A3956D46DE8}") = "Test", "Test", "{879BA96A-B173-4759-B362-24E69BC5E244}"
EndProject
Project("{FAE04EC0-301F-11D3-BF4B-00C04F79EFBC}") = "CodeStacks.Test", "CodeStacks.Test\CodeStacks.Test.csproj", "{487B9F3E-59C5-4697-A097-E57A2FB40990}"
EndProject
Project("{FAE04EC0-301F-11D3-BF4B-00C04F79EFBC}") = "CodeStacks.Data", "CodeStacks.Data\CodeStacks.Data.csproj", "{463854B2-9EBA-4229-B701-3F08F559080E}"
EndProject
Project("{FAE04EC0-301F-11D3-BF4B-00C04F79EFBC}") = "CodeStacks.Log", "CodeStacks.Log\CodeStacks.Log.csproj", "{DB29F652-1094-47A8-ABE0-F11E38B9628E}"
EndProject
Project("{FAE04EC0-301F-11D3-BF4B-00C04F79EFBC}") = "CodeStacks.UserControl", "CodeStacks.UserControl\CodeStacks.UserControl.csproj", "{337E0541-1066-4327-AB64-2F47907F5E60}"
EndProject
Project("{D954291E-2A0B-460D-934E-DC6B0785DB48}") = "CodeStacks.GMap.Demo", "XIAOWEN.GMAP.DEMO\CodeStacks.GMap.Demo.shproj", "{E2895138-57DE-449A-B375-6CCFB1D7D78B}"
EndProject
Project("{FAE04EC0-301F-11D3-BF4B-00C04F79EFBC}") = "CodeStacks.Gmap.Wpf", "CodeStacks.Gmap.Wpf\CodeStacks.Gmap.Wpf.csproj", "{77C29B1E-14AA-4D42-A44C-ED2F1ED74DAF}"
EndProject
Project("{2150E333-8FDC-42A3-9474-1A3956D46DE8}") = "CodeStacks.Mef", "CodeStacks.Mef", "{4C06A77C-F924-420B-B256-E8482DD406C1}"
EndProject
Project("{FAE04EC0-301F-11D3-BF4B-00C04F79EFBC}") = "CodeStacks.Mef.Wpf", "CodeStacks.Mef.Wpf\CodeStacks.Mef.Wpf.csproj", "{138142C8-1A7C-4025-B29A-B5DFC9E670DB}"
EndProject
Project("{2150E333-8FDC-42A3-9474-1A3956D46DE8}") = "CodeStacks.Plugins", "CodeStacks.Plugins", "{0A8441F4-E140-4100-BE57-A1137C48660D}"
EndProject
Project("{FAE04EC0-301F-11D3-BF4B-00C04F79EFBC}") = "CodeStacks.Plugin.MenuFirst", "CodeStacks.Plugin.MenuFirst\CodeStacks.Plugin.MenuFirst.csproj", "{C7E36229-95F1-4ECA-8504-617C7018DFF2}"
EndProject
Project("{2150E333-8FDC-42A3-9474-1A3956D46DE8}") = "CodeStacks.Mef.WinForm", "CodeStacks.Mef.WinForm", "{CF992416-46DB-476D-A783-B78C6B4E5DE3}"
EndProject
Project("{FAE04EC0-301F-11D3-BF4B-00C04F79EFBC}") = "CodeStacks.MainFrom", "CodeStacks.MainFrom\CodeStacks.MainFrom.csproj", "{76FB3A48-2982-437F-88BF-0DE2B7B756AE}"
EndProject
Project("{2150E333-8FDC-42A3-9474-1A3956D46DE8}") = "CodeStacks.Plugins", "CodeStacks.Plugins", "{434E25BE-8282-4D8E-9A30-9DF3BB5261BC}"
EndProject
Project("{FAE04EC0-301F-11D3-BF4B-00C04F79EFBC}") = "ClodeStacks.Plugin.MenuFirst", "ClodeStacks.Plugin.MenuFirst\ClodeStacks.Plugin.MenuFirst.csproj", "{C2CD7536-2390-44D3-8E14-621F2465C2D5}"
EndProject
Project("{FAE04EC0-301F-11D3-BF4B-00C04F79EFBC}") = "CodeStacks.Plugin.MenuSecond", "CodeStacks.Plugin.MenuSecond\CodeStacks.Plugin.MenuSecond.csproj", "{787C0514-E3DB-47FD-A230-580CE1ABBD31}"
EndProject
Global
	GlobalSection(SharedMSBuildProjectFiles) = preSolution
		XIAOWEN.GMAP.DEMO\XIAOWEN.GMAP.DEMO.projitems*{77c29b1e-14aa-4d42-a44c-ed2f1ed74daf}*SharedItemsImports = 4
		XIAOWEN.GMAP.DEMO\XIAOWEN.GMAP.DEMO.projitems*{e2895138-57de-449a-b375-6ccfb1d7d78b}*SharedItemsImports = 13
	EndGlobalSection
	GlobalSection(SolutionConfigurationPlatforms) = preSolution
		Debug|Any CPU = Debug|Any CPU
		Release|Any CPU = Release|Any CPU
	EndGlobalSection
	GlobalSection(ProjectConfigurationPlatforms) = postSolution
		{8C084147-89D8-40B4-B324-EDD49F29FB4D}.Debug|Any CPU.ActiveCfg = Debug|Any CPU
		{8C084147-89D8-40B4-B324-EDD49F29FB4D}.Debug|Any CPU.Build.0 = Debug|Any CPU
		{8C084147-89D8-40B4-B324-EDD49F29FB4D}.Release|Any CPU.ActiveCfg = Release|Any CPU
		{8C084147-89D8-40B4-B324-EDD49F29FB4D}.Release|Any CPU.Build.0 = Release|Any CPU
		{D3BC4AF0-D33C-4FD3-A50B-C555DF6C014F}.Debug|Any CPU.ActiveCfg = Debug|Any CPU
		{D3BC4AF0-D33C-4FD3-A50B-C555DF6C014F}.Debug|Any CPU.Build.0 = Debug|Any CPU
		{D3BC4AF0-D33C-4FD3-A50B-C555DF6C014F}.Release|Any CPU.ActiveCfg = Release|Any CPU
		{D3BC4AF0-D33C-4FD3-A50B-C555DF6C014F}.Release|Any CPU.Build.0 = Release|Any CPU
		{91A0B815-475A-4608-BBE4-796970CEB93C}.Debug|Any CPU.ActiveCfg = Debug|Any CPU
		{91A0B815-475A-4608-BBE4-796970CEB93C}.Debug|Any CPU.Build.0 = Debug|Any CPU
		{91A0B815-475A-4608-BBE4-796970CEB93C}.Release|Any CPU.ActiveCfg = Release|Any CPU
		{91A0B815-475A-4608-BBE4-796970CEB93C}.Release|Any CPU.Build.0 = Release|Any CPU
		{487B9F3E-59C5-4697-A097-E57A2FB40990}.Debug|Any CPU.ActiveCfg = Debug|Any CPU
		{487B9F3E-59C5-4697-A097-E57A2FB40990}.Debug|Any CPU.Build.0 = Debug|Any CPU
		{487B9F3E-59C5-4697-A097-E57A2FB40990}.Release|Any CPU.ActiveCfg = Release|Any CPU
		{487B9F3E-59C5-4697-A097-E57A2FB40990}.Release|Any CPU.Build.0 = Release|Any CPU
		{463854B2-9EBA-4229-B701-3F08F559080E}.Debug|Any CPU.ActiveCfg = Debug|Any CPU
		{463854B2-9EBA-4229-B701-3F08F559080E}.Debug|Any CPU.Build.0 = Debug|Any CPU
		{463854B2-9EBA-4229-B701-3F08F559080E}.Release|Any CPU.ActiveCfg = Release|Any CPU
		{463854B2-9EBA-4229-B701-3F08F559080E}.Release|Any CPU.Build.0 = Release|Any CPU
		{DB29F652-1094-47A8-ABE0-F11E38B9628E}.Debug|Any CPU.ActiveCfg = Debug|Any CPU
		{DB29F652-1094-47A8-ABE0-F11E38B9628E}.Debug|Any CPU.Build.0 = Debug|Any CPU
		{DB29F652-1094-47A8-ABE0-F11E38B9628E}.Release|Any CPU.ActiveCfg = Release|Any CPU
		{DB29F652-1094-47A8-ABE0-F11E38B9628E}.Release|Any CPU.Build.0 = Release|Any CPU
		{337E0541-1066-4327-AB64-2F47907F5E60}.Debug|Any CPU.ActiveCfg = Debug|Any CPU
		{337E0541-1066-4327-AB64-2F47907F5E60}.Debug|Any CPU.Build.0 = Debug|Any CPU
		{337E0541-1066-4327-AB64-2F47907F5E60}.Release|Any CPU.ActiveCfg = Release|Any CPU
		{337E0541-1066-4327-AB64-2F47907F5E60}.Release|Any CPU.Build.0 = Release|Any CPU
		{77C29B1E-14AA-4D42-A44C-ED2F1ED74DAF}.Debug|Any CPU.ActiveCfg = Debug|Any CPU
		{77C29B1E-14AA-4D42-A44C-ED2F1ED74DAF}.Debug|Any CPU.Build.0 = Debug|Any CPU
		{77C29B1E-14AA-4D42-A44C-ED2F1ED74DAF}.Release|Any CPU.ActiveCfg = Release|Any CPU
		{77C29B1E-14AA-4D42-A44C-ED2F1ED74DAF}.Release|Any CPU.Build.0 = Release|Any CPU
		{138142C8-1A7C-4025-B29A-B5DFC9E670DB}.Debug|Any CPU.ActiveCfg = Debug|Any CPU
		{138142C8-1A7C-4025-B29A-B5DFC9E670DB}.Debug|Any CPU.Build.0 = Debug|Any CPU
		{138142C8-1A7C-4025-B29A-B5DFC9E670DB}.Release|Any CPU.ActiveCfg = Release|Any CPU
		{138142C8-1A7C-4025-B29A-B5DFC9E670DB}.Release|Any CPU.Build.0 = Release|Any CPU
		{C7E36229-95F1-4ECA-8504-617C7018DFF2}.Debug|Any CPU.ActiveCfg = Debug|Any CPU
		{C7E36229-95F1-4ECA-8504-617C7018DFF2}.Debug|Any CPU.Build.0 = Debug|Any CPU
		{C7E36229-95F1-4ECA-8504-617C7018DFF2}.Release|Any CPU.ActiveCfg = Release|Any CPU
		{C7E36229-95F1-4ECA-8504-617C7018DFF2}.Release|Any CPU.Build.0 = Release|Any CPU
		{76FB3A48-2982-437F-88BF-0DE2B7B756AE}.Debug|Any CPU.ActiveCfg = Debug|Any CPU
		{76FB3A48-2982-437F-88BF-0DE2B7B756AE}.Debug|Any CPU.Build.0 = Debug|Any CPU
		{76FB3A48-2982-437F-88BF-0DE2B7B756AE}.Release|Any CPU.ActiveCfg = Release|Any CPU
		{76FB3A48-2982-437F-88BF-0DE2B7B756AE}.Release|Any CPU.Build.0 = Release|Any CPU
		{C2CD7536-2390-44D3-8E14-621F2465C2D5}.Debug|Any CPU.ActiveCfg = Debug|Any CPU
		{C2CD7536-2390-44D3-8E14-621F2465C2D5}.Debug|Any CPU.Build.0 = Debug|Any CPU
		{C2CD7536-2390-44D3-8E14-621F2465C2D5}.Release|Any CPU.ActiveCfg = Release|Any CPU
		{C2CD7536-2390-44D3-8E14-621F2465C2D5}.Release|Any CPU.Build.0 = Release|Any CPU
		{787C0514-E3DB-47FD-A230-580CE1ABBD31}.Debug|Any CPU.ActiveCfg = Debug|Any CPU
		{787C0514-E3DB-47FD-A230-580CE1ABBD31}.Debug|Any CPU.Build.0 = Debug|Any CPU
		{787C0514-E3DB-47FD-A230-580CE1ABBD31}.Release|Any CPU.ActiveCfg = Release|Any CPU
		{787C0514-E3DB-47FD-A230-580CE1ABBD31}.Release|Any CPU.Build.0 = Release|Any CPU
	EndGlobalSection
	GlobalSection(SolutionProperties) = preSolution
		HideSolutionNode = FALSE
	EndGlobalSection
	GlobalSection(NestedProjects) = preSolution
		{487B9F3E-59C5-4697-A097-E57A2FB40990} = {879BA96A-B173-4759-B362-24E69BC5E244}
		{138142C8-1A7C-4025-B29A-B5DFC9E670DB} = {4C06A77C-F924-420B-B256-E8482DD406C1}
		{0A8441F4-E140-4100-BE57-A1137C48660D} = {4C06A77C-F924-420B-B256-E8482DD406C1}
		{C7E36229-95F1-4ECA-8504-617C7018DFF2} = {0A8441F4-E140-4100-BE57-A1137C48660D}
		{76FB3A48-2982-437F-88BF-0DE2B7B756AE} = {CF992416-46DB-476D-A783-B78C6B4E5DE3}
		{434E25BE-8282-4D8E-9A30-9DF3BB5261BC} = {CF992416-46DB-476D-A783-B78C6B4E5DE3}
		{C2CD7536-2390-44D3-8E14-621F2465C2D5} = {434E25BE-8282-4D8E-9A30-9DF3BB5261BC}
		{787C0514-E3DB-47FD-A230-580CE1ABBD31} = {0A8441F4-E140-4100-BE57-A1137C48660D}
	EndGlobalSection
EndGlobal
